# This file is autogenerated, do not edit; changes may be undone by the next 'dep ensure'.


[[projects]]
  digest = "1:a26f8da48b22e6176c1c6a2459904bb30bd0c49ada04b2963c2c3a203e81a620"
  name = "github.com/Masterminds/semver"
  packages = ["."]
  pruneopts = "NT"
  revision = "c7af12943936e8c39859482e61f0574c2fd7fc75"
  version = "v1.4.2"

[[projects]]
  digest = "1:81466b4218bf6adddac2572a30ac733a9255919bc2f470b4827a317bd4ee1756"
  name = "github.com/ghodss/yaml"
  packages = ["."]
  pruneopts = "NT"
  revision = "0ca9ea5df5451ffdf184b4428c902747c2c11cd7"
  version = "v1.0.0"

[[projects]]
  digest = "1:bdd9f217558ee887966977cbcb507347f47c595f63797b938c002bc9e26e8d16"
  name = "github.com/gobuffalo/envy"
  packages = ["."]
  pruneopts = "NT"
  revision = "2d0f467653f3d961ce9ada4d32a230bdcb3bfe11"
  version = "v1.6.3"

[[projects]]
  digest = "1:fc5eb28d80d93864aeecba8e387bb994d21f75ec9f0b070f141f36dac7bada98"
  name = "github.com/gogo/protobuf"
  packages = [
    "proto",
    "sortkeys",
  ]
  pruneopts = "NT"
  revision = "1adfc126b41513cc696b209667c8656ea7aac67c"
  version = "v1.0.0"

[[projects]]
  digest = "1:78b8040ece2ff622580def2708b9eb0b2857711b6744c475439bf337e9c677ea"
  name = "github.com/golang/glog"
  packages = ["."]
  pruneopts = "NT"
  revision = "44145f04b68cf362d9c4df2182967c2275eaefed"

[[projects]]
  branch = "master"
  digest = "1:52c5834e2bebac9030c97cc0798ac11c3aa8a39f098aeb419f142533da6cd3cc"
  name = "github.com/google/gofuzz"
  packages = ["."]
  pruneopts = "NT"
  revision = "24818f796faf91cd76ec7bddd72458fbced7a6c1"

[[projects]]
  digest = "1:406338ad39ab2e37b7f4452906442a3dbf0eb3379dd1f06aafb5c07e769a5fbb"
  name = "github.com/inconshreveable/mousetrap"
  packages = ["."]
  pruneopts = "NT"
  revision = "76626ae9c91c4f2a10f34cad8ce83ea42c93bb75"
  version = "v1.0"

[[projects]]
  digest = "1:7048335faaa24ba4f2943b15903666cfa4f2fd14adf10520cd2bd3dbac01b770"
  name = "github.com/joho/godotenv"
  packages = ["."]
  pruneopts = "NT"
  revision = "a79fa1e548e2c689c241d10173efd51e5d689d5b"
  version = "v1.2.0"

[[projects]]
  branch = "master"
  digest = "1:24608ad934c247c3903eeaccb58ab7d6360a9bccafe1a6393756d0820f9950f9"
  name = "github.com/markbates/inflect"
  packages = ["."]
  pruneopts = "NT"
  revision = "84854b5b4c0dbb0c107480d480a71f7db1fc7dae"

[[projects]]
  digest = "1:f26ba12e3509cccba1e9afadeb142fcd3b6a7a89073cbb147431536715d87f72"
  name = "github.com/pkg/errors"
  packages = ["."]
  pruneopts = "NT"
  revision = "a22138067af1c4942683050411a841ade67fe1eb"

[[projects]]
  digest = "1:2a7c79c506479dc73c0100982a40bacc89e06d96dc458eb41c9b6aa44d9e0b6d"
  name = "github.com/spf13/afero"
  packages = [
    ".",
    "mem",
  ]
  pruneopts = "NT"
  revision = "787d034dfe70e44075ccc060d346146ef53270ad"
  version = "v1.1.1"

[[projects]]
  digest = "1:17fb0c5e7f7df714f7e3ff6419a714a6a81d580c22e9aeb38acfe3b1cdeab824"
  name = "github.com/spf13/cobra"
  packages = ["."]
  pruneopts = "NT"
  revision = "f62e98d28ab7ad31d707ba837a966378465c7b57"

[[projects]]
  digest = "1:15e5c398fbd9d2c439b635a08ac161b13d04f0c2aa587fe256b65dc0c3efe8b7"
  name = "github.com/spf13/pflag"
  packages = ["."]
  pruneopts = "NT"
  revision = "583c0c0531f06d5278b7d917446061adc344b5cd"
  version = "v1.0.1"

[[projects]]
  branch = "master"
  digest = "1:0ccbd3b459d7977ed04b6688b22a874874176e74e31f5663e25ca61ac8e38b70"
  name = "golang.org/x/net"
  packages = [
    "http/httpguts",
    "http2",
    "http2/hpack",
    "idna",
  ]
  pruneopts = "NT"
  revision = "cffdcf672aee934982473246bc7e9a8ba446aa9b"

[[projects]]
  digest = "1:8c74f97396ed63cc2ef04ebb5fc37bb032871b8fd890a25991ed40974b00cd2a"
  name = "golang.org/x/text"
  packages = [
    "collate",
    "collate/build",
    "internal/colltab",
    "internal/gen",
    "internal/tag",
    "internal/triegen",
    "internal/ucd",
    "language",
    "secure/bidirule",
    "transform",
    "unicode/bidi",
    "unicode/cldr",
    "unicode/norm",
    "unicode/rangetable",
  ]
  pruneopts = "NT"
  revision = "f21a4dfb5e38f5895301dc265a8def02365cc3d0"
  version = "v0.3.0"

[[projects]]
  branch = "master"
  digest = "1:01539dc7a411cab980c02b6e59cfb655184247c0c3d4710e8e70cbf2e562cb26"
  name = "golang.org/x/tools"
  packages = [
    "go/ast/astutil",
    "imports",
    "internal/fastwalk",
  ]
  pruneopts = "NT"
  revision = "2087f8c10712366cfc2f4fcb1bf99eeef61ab21e"

[[projects]]
  digest = "1:2d1fbdc6777e5408cabeb02bf336305e724b925ff4546ded0fa8715a7267922a"
  name = "gopkg.in/inf.v0"
  packages = ["."]
  pruneopts = "NT"
  revision = "d2d2541c53f18d2a059457998ce2876cc8e67cbf"
  version = "v0.9.1"

[[projects]]
  digest = "1:7c95b35057a0ff2e19f707173cc1a947fa43a6eb5c4d300d196ece0334046082"
  name = "gopkg.in/yaml.v2"
  packages = ["."]
  pruneopts = "NT"
  revision = "5420a8b6744d3b0345ab293f6fcba19c978f1183"
  version = "v2.2.1"

[[projects]]
  digest = "1:6b4ae148679d49dda5e1f7026701662758701b6cbd144cc8db1769710a01c4d2"
  name = "k8s.io/api"
  packages = [
    "apps/v1",
    "core/v1",
    "rbac/v1",
  ]
  pruneopts = "NT"
  revision = "73d903622b7391f3312dcbac6483fed484e185f8"
  version = "kubernetes-1.10.0"

[[projects]]
  digest = "1:0a30c7cce6e0ec50da6d5448b6e9ddae5c968143df3f89f2f507c7cc7e3bd226"
  name = "k8s.io/apiextensions-apiserver"
  packages = [
    "pkg/apis/apiextensions",
    "pkg/apis/apiextensions/v1beta1",
  ]
  pruneopts = "NT"
  revision = "4347b330d0ff094db860f2f75fa725b4f4b53618"
  version = "kubernetes-1.10.1"

[[projects]]
  digest = "1:f9f9f2c6c29573e8248c3fed2fd83119fb050b8e021875bee29ce302c1783c03"
  name = "k8s.io/apimachinery"
  packages = [
    "pkg/api/resource",
    "pkg/apis/meta/v1",
    "pkg/conversion",
    "pkg/conversion/queryparams",
    "pkg/fields",
    "pkg/labels",
    "pkg/runtime",
    "pkg/runtime/schema",
    "pkg/selection",
    "pkg/types",
    "pkg/util/errors",
    "pkg/util/intstr",
    "pkg/util/json",
    "pkg/util/net",
    "pkg/util/runtime",
    "pkg/util/sets",
    "pkg/util/validation",
    "pkg/util/validation/field",
    "pkg/util/wait",
    "pkg/watch",
    "third_party/forked/golang/reflect",
  ]
  pruneopts = "NT"
  revision = "302974c03f7e50f16561ba237db776ab93594ef6"
  version = "kubernetes-1.10.0"

[[projects]]
  digest = "1:b98460f5a530d62c99db22e2c50556571b93b0acd279a51cf1fd469518915c41"
  name = "k8s.io/apiserver"
  packages = ["pkg/util/logs"]
  pruneopts = "NT"
  revision = "06e4be4fafa2c9356e02424aac4e714e2ebeff60"
  version = "kubernetes-1.10.1"

[[projects]]
  digest = "1:65486e65828b157536291fe8d3c4c06dd60ea8c053543680a8f06c3754fe92a6"
  name = "k8s.io/client-go"
  packages = ["util/homedir"]
  pruneopts = "NT"
  revision = "989be4278f353e42f26c416c53757d16fcff77db"
  version = "kubernetes-1.10.1"

[[projects]]
  branch = "master"
  digest = "1:2701cf2b017bde402587b0e38ed3d2193e058a42eb49cd03a0f72480f8a67096"
  name = "k8s.io/gengo"
  packages = [
    "args",
    "generator",
    "namer",
    "parser",
    "types",
  ]
  pruneopts = "NT"
  revision = "fdcf9f9480fdd5bf2b3c3df9bf4ecd22b25b87e2"

[[projects]]
  digest = "1:30621a2b23b5cfc672d3130350a9aa5449724d47899705b16e33ec994f806c4c"
  name = "sigs.k8s.io/controller-tools"
  packages = [
    "pkg/scaffold",
    "pkg/scaffold/controller",
    "pkg/scaffold/input",
    "pkg/scaffold/manager",
    "pkg/scaffold/project",
    "pkg/scaffold/resource",
    "pkg/util",
  ]
  pruneopts = "NT"
  revision = "a92b5ff3ebb5767eb3d8344bd097a95863e52c3f"
  version = "v0.1.2"

[solve-meta]
  analyzer-name = "dep"
  analyzer-version = 1
  input-imports = [
    "github.com/Masterminds/semver",
    "github.com/ghodss/yaml",
    "github.com/golang/glog",
    "github.com/markbates/inflect",
    "github.com/pkg/errors",
    "github.com/spf13/cobra",
    "github.com/spf13/pflag",
    "k8s.io/api/apps/v1",
    "k8s.io/api/core/v1",
    "k8s.io/api/rbac/v1",
    "k8s.io/apiextensions-apiserver/pkg/apis/apiextensions/v1beta1",
    "k8s.io/apimachinery/pkg/api/resource",
    "k8s.io/apimachinery/pkg/apis/meta/v1",
    "k8s.io/apimachinery/pkg/runtime/schema",
    "k8s.io/apimachinery/pkg/util/sets",
    "k8s.io/apiserver/pkg/util/logs",
    "k8s.io/client-go/util/homedir",
    "k8s.io/gengo/args",
    "k8s.io/gengo/generator",
    "k8s.io/gengo/namer",
    "k8s.io/gengo/parser",
    "k8s.io/gengo/types",
    "sigs.k8s.io/controller-tools/pkg/scaffold",
    "sigs.k8s.io/controller-tools/pkg/scaffold/controller",
    "sigs.k8s.io/controller-tools/pkg/scaffold/input",
    "sigs.k8s.io/controller-tools/pkg/scaffold/manager",
    "sigs.k8s.io/controller-tools/pkg/scaffold/project",
    "sigs.k8s.io/controller-tools/pkg/scaffold/resource",
  ]
  solver-name = "gps-cdcl"
  solver-version = 1
